{
    "_meta": {
        "hash": {
            "sha256": "fb24b41a12395cbd0019db2f6a652513aac1a32606482498279d559f58efc323"
        },
        "pipfile-spec": 6,
        "requires": {
            "python_version": "3.10"
        },
        "sources": [
            {
                "name": "pypi",
                "url": "https://pypi.org/simple",
                "verify_ssl": true
            }
        ]
    },
    "default": {
        "click": {
            "hashes": [
                "sha256:7682dc8afb30297001674575ea00d1814d808d6a36af415a82bd481d37ba7b8e",
                "sha256:bb4d8133cb15a609f44e8213d9b391b0809795062913b383c62be0ee95b1db48"
            ],
            "markers": "python_version >= '3.7'",
            "version": "==8.1.3"
        },
        "flask": {
            "hashes": [
                "sha256:642c450d19c4ad482f96729bd2a8f6d32554aa1e231f4f6b4e7e5264b16cca2b",
                "sha256:b9c46cc36662a7949f34b52d8ec7bb59c0d74ba08ba6cb9ce9adc1d8676d9526"
            ],
            "index": "pypi",
            "version": "==2.2.2"
        },
        "itsdangerous": {
            "hashes": [
                "sha256:2c2349112351b88699d8d4b6b075022c0808887cb7ad10069318a8b0bc88db44",
                "sha256:5dbbc68b317e5e42f327f9021763545dc3fc3bfe22e6deb96aaf1fc38874156a"
            ],
            "markers": "python_version >= '3.7'",
            "version": "==2.1.2"
        },
        "jinja2": {
            "hashes": [
                "sha256:31351a702a408a9e7595a8fc6150fc3f43bb6bf7e319770cbc0db9df9437e852",
                "sha256:6088930bfe239f0e6710546ab9c19c9ef35e29792895fed6e6e31a023a182a61"
            ],
            "markers": "python_version >= '3.7'",
            "version": "==3.1.2"
        },
        "markupsafe": {
            "hashes": [
                "sha256:0212a68688482dc52b2d45013df70d169f542b7394fc744c02a57374a4207003",
                "sha256:089cf3dbf0cd6c100f02945abeb18484bd1ee57a079aefd52cffd17fba910b88",
                "sha256:10c1bfff05d95783da83491be968e8fe789263689c02724e0c691933c52994f5",
                "sha256:33b74d289bd2f5e527beadcaa3f401e0df0a89927c1559c8566c066fa4248ab7",
                "sha256:3799351e2336dc91ea70b034983ee71cf2f9533cdff7c14c90ea126bfd95d65a",
                "sha256:3ce11ee3f23f79dbd06fb3d63e2f6af7b12db1d46932fe7bd8afa259a5996603",
                "sha256:421be9fbf0ffe9ffd7a378aafebbf6f4602d564d34be190fc19a193232fd12b1",
                "sha256:43093fb83d8343aac0b1baa75516da6092f58f41200907ef92448ecab8825135",
                "sha256:46d00d6cfecdde84d40e572d63735ef81423ad31184100411e6e3388d405e247",
                "sha256:4a33dea2b688b3190ee12bd7cfa29d39c9ed176bda40bfa11099a3ce5d3a7ac6",
                "sha256:4b9fe39a2ccc108a4accc2676e77da025ce383c108593d65cc909add5c3bd601",
                "sha256:56442863ed2b06d19c37f94d999035e15ee982988920e12a5b4ba29b62ad1f77",
                "sha256:671cd1187ed5e62818414afe79ed29da836dde67166a9fac6d435873c44fdd02",
                "sha256:694deca8d702d5db21ec83983ce0bb4b26a578e71fbdbd4fdcd387daa90e4d5e",
                "sha256:6a074d34ee7a5ce3effbc526b7083ec9731bb3cbf921bbe1d3005d4d2bdb3a63",
                "sha256:6d0072fea50feec76a4c418096652f2c3238eaa014b2f94aeb1d56a66b41403f",
                "sha256:6fbf47b5d3728c6aea2abb0589b5d30459e369baa772e0f37a0320185e87c980",
                "sha256:7f91197cc9e48f989d12e4e6fbc46495c446636dfc81b9ccf50bb0ec74b91d4b",
                "sha256:86b1f75c4e7c2ac2ccdaec2b9022845dbb81880ca318bb7a0a01fbf7813e3812",
                "sha256:8dc1c72a69aa7e082593c4a203dcf94ddb74bb5c8a731e4e1eb68d031e8498ff",
                "sha256:8e3dcf21f367459434c18e71b2a9532d96547aef8a871872a5bd69a715c15f96",
                "sha256:8e576a51ad59e4bfaac456023a78f6b5e6e7651dcd383bcc3e18d06f9b55d6d1",
                "sha256:96e37a3dc86e80bf81758c152fe66dbf60ed5eca3d26305edf01892257049925",
                "sha256:97a68e6ada378df82bc9f16b800ab77cbf4b2fada0081794318520138c088e4a",
                "sha256:99a2a507ed3ac881b975a2976d59f38c19386d128e7a9a18b7df6fff1fd4c1d6",
                "sha256:a49907dd8420c5685cfa064a1335b6754b74541bbb3706c259c02ed65b644b3e",
                "sha256:b09bf97215625a311f669476f44b8b318b075847b49316d3e28c08e41a7a573f",
                "sha256:b7bd98b796e2b6553da7225aeb61f447f80a1ca64f41d83612e6139ca5213aa4",
                "sha256:b87db4360013327109564f0e591bd2a3b318547bcef31b468a92ee504d07ae4f",
                "sha256:bcb3ed405ed3222f9904899563d6fc492ff75cce56cba05e32eff40e6acbeaa3",
                "sha256:d4306c36ca495956b6d568d276ac11fdd9c30a36f1b6eb928070dc5360b22e1c",
                "sha256:d5ee4f386140395a2c818d149221149c54849dfcfcb9f1debfe07a8b8bd63f9a",
                "sha256:dda30ba7e87fbbb7eab1ec9f58678558fd9a6b8b853530e176eabd064da81417",
                "sha256:e04e26803c9c3851c931eac40c695602c6295b8d432cbe78609649ad9bd2da8a",
                "sha256:e1c0b87e09fa55a220f058d1d49d3fb8df88fbfab58558f1198e08c1e1de842a",
                "sha256:e72591e9ecd94d7feb70c1cbd7be7b3ebea3f548870aa91e2732960fa4d57a37",
                "sha256:e8c843bbcda3a2f1e3c2ab25913c80a3c5376cd00c6e8c4a86a89a28c8dc5452",
                "sha256:efc1913fd2ca4f334418481c7e595c00aad186563bbc1ec76067848c7ca0a933",
                "sha256:f121a1420d4e173a5d96e47e9a0c0dcff965afdf1626d28de1460815f7c4ee7a",
                "sha256:fc7b548b17d238737688817ab67deebb30e8073c95749d55538ed473130ec0c7"
            ],
            "markers": "python_version >= '3.7'",
            "version": "==2.1.1"
        },
        "psycopg": {
            "extras": [
                "binary"
            ],
            "hashes": [
                "sha256:57b356b1dc86a45f0a6388ca6fde77360639eb24c9aae033ee8fbbed713dce79",
                "sha256:a61d8841352b2e5c83c0677b8b856bafbf57568e5687ace8872738b29acfd5c9"
            ],
            "index": "pypi",
            "version": "==3.1.2"
        },
        "psycopg-binary": {
            "hashes": [
                "sha256:040e95817e9b632fcd91fb2abf4d8ab00b06e2ac30ef33b15eeb588747380c77",
                "sha256:04edbd4d06190ef9cf68a868cb0213884477613b735ada8ba26f8b6fe0579f85",
                "sha256:073504fe7882c0a5a64065c58538811dda7b1cf436066928d506f969b885e0af",
                "sha256:0d34a0bda1051bb9f585fe29496332605df1494096e56acec75e60683520c5aa",
                "sha256:10042f074643eee7e83b306097a15c13ef9770190e205cbffe01d15aa78b18af",
                "sha256:18e332e58aede324af60662963c9de63f398682ffa53dc1014ec662464540fc1",
                "sha256:1aff078b94c33409a737fbf92ca3c1d80c48addabe31951b211d2044525fe4e3",
                "sha256:22545efd2cf68d8b86af820db1a4cf6b62edf1a26742fb263ac244bdcdfd3317",
                "sha256:23160f01510568b43d5332f09c703babbfbb07e3805881dee933237f8ea2da1f",
                "sha256:2c629b50dc65baae016d6e01660fe0e5ed2b3f746d334031d9727b24a4cf965f",
                "sha256:3536447d12e0779d9fb72218b15e5a9e0b974da85f568e62636215bdecb5b578",
                "sha256:429608a36d317dd1e0da8846b50c8a48dd1be000109afa04884ddcbdf313769d",
                "sha256:449f0d5d4148e6d1fdde9d1e324ad5caf494446254d392e780c926c7a61b3744",
                "sha256:4d38fef453306251a9b4af3b85dd91ca9d2559b15cb7cecd0ee60fa87f3a163d",
                "sha256:5212afe2aaca8c24215df615e4bfc45c55259a6b2237744007957c156d5f33b4",
                "sha256:5262d0146c4f8ebfa2c8917e03abd515ab01c0b32facd9cbaab6efa3af8540df",
                "sha256:687108580dd160aba4af0e22ff71a8ccf44c3cbfc4833b1739ec4819a758c990",
                "sha256:6919e8cd380f490bdcc688e03d0f2501fd820bf5077d55d60aeb81efcbe5edc5",
                "sha256:715d2f5803f25f3b98413d90d688ac32d478d1aaadf9d6320e9c88eba4dd6c77",
                "sha256:7a39e2e9c1094f9c3e07690ec1cffeda7580bdc833c157528b205b9e583b4c92",
                "sha256:7de5dda2f8aacfad732c07b85e54fced99474ede555e87f21ca0af75404ff4af",
                "sha256:80891335a80961eab02a0eed6bab5ea9f15fd6ba49899af1991618fc22eb5686",
                "sha256:8b9ea9546b0531736d68544b70487de9522ddb63c0c998d68e02c8bbe6ea17d2",
                "sha256:8c04f58ec448059fae5fd886482154906cbe13811a747f4b6a5a5bb9f9a83a03",
                "sha256:95dd5644d4da5db8cf740134dddd3bbf046d8b37fd1cca153966a85b26fa46aa",
                "sha256:9bd89fe2fc5f43c0a357ff528303711f89d838f9cd84efb40218e20013f59e42",
                "sha256:a6f8392231f9092ac07f56fa8f47bea8a095c0b7fbc182c3d5dc6c3e8228b5e8",
                "sha256:a7b26e323cf60dfca78b5af89f2fcfaeb1815f05d36af5ba367b1867ba7084a5",
                "sha256:ab009fc1c7cae20417f12f5fb070486958f0a948e95f937f490b15c22dc55dd7",
                "sha256:ae635928a88dae291b929a7182d3a20a02a65cd3ea788d790a334e3223b816e8",
                "sha256:aec09293c5f8d85c4c276ee6bbd9ed17d954c954eeb16a13f642c1167dc8d4d7",
                "sha256:afb511da642597c2896d064988330fc26ecfde4f6830cb0cff781a837d67be1e",
                "sha256:b9cc04205800b632a789c8b443e71d872e93cb632965b6f0f2ddaf6e85a47d30",
                "sha256:bd51095079e4c741b7b35ddbf948249229c0273ab26dba965d311981fa381c38",
                "sha256:c08e5ceb7ee21aac0cf39175523c521cfc4cff221f1e43d91a5fb42ac096cf48",
                "sha256:c3d48526d5bc5dc98b3c263f0123e6e81c464a9c9b0d739e78ca82abdb19ea85",
                "sha256:c709d38c480272a92f04a2643c522adabbbe7af6abd1816794e9dda2c1c96a13",
                "sha256:c881024564f8c124659cba225243998ad76eb784123f21025522dfec924748cc",
                "sha256:c8b466a8c3bfb99219fb1175506595bee5dc6eeff2f06082f46932de519a2523",
                "sha256:d165a0d5809e07106656dee4e7e7f53376c21a2b8e79bd3305be93a6b1edc4e7",
                "sha256:e0d41e621b6e2853788fcc129b3d4ffca417b50c6efb7d947ea7d0f160f08357",
                "sha256:fd4e9acb072b1bd12e36f30c322ba99c4ad3dec7ca232c6be2991920d894c1fe",
                "sha256:fdeef8af6ec6315e721ccd0319770be616188d516ef56c4b097ca32a675c6ae8"
            ],
            "version": "==3.1.2"
        },
        "typing-extensions": {
            "hashes": [
                "sha256:25642c956049920a5aa49edcdd6ab1e06d7e5d467fc00e0506c44ac86fbfca02",
                "sha256:e6d2677a32f47fc7eb2795db1dd15c1f34eff616bcaf2cfb5e997f854fa1c4a6"
            ],
            "markers": "python_version < '3.11'",
            "version": "==4.3.0"
        },
        "werkzeug": {
            "hashes": [
                "sha256:7ea2d48322cc7c0f8b3a215ed73eabd7b5d75d0b50e31ab006286ccff9e00b8f",
                "sha256:f979ab81f58d7318e064e99c4506445d60135ac5cd2e177a2de0089bfd4c9bd5"
            ],
            "markers": "python_version >= '3.7'",
            "version": "==2.2.2"
        }
    },
    "develop": {}
}
