{
    "_meta": {
        "hash": {
            "sha256": "fb24b41a12395cbd0019db2f6a652513aac1a32606482498279d559f58efc323"
        },
        "pipfile-spec": 6,
        "requires": {
            "python_version": "3.10"
        },
        "sources": [
            {
                "name": "pypi",
                "url": "https://pypi.org/simple",
                "verify_ssl": true
            }
        ]
    },
    "default": {
        "click": {
            "hashes": [
                "sha256:7682dc8afb30297001674575ea00d1814d808d6a36af415a82bd481d37ba7b8e",
                "sha256:bb4d8133cb15a609f44e8213d9b391b0809795062913b383c62be0ee95b1db48"
            ],
            "markers": "python_version >= '3.7'",
            "version": "==8.1.3"
        },
        "flask": {
            "hashes": [
                "sha256:3c604c48c3d5b4c63e72134044c0b4fe90ff01ef65280b9fe2d38c8860d99fe5",
                "sha256:9c2b81b9b1edcc835af72d600f1955e713a065e7cb41d7e51ee762b449d9c65d"
            ],
            "index": "pypi",
            "version": "==2.2.1"
        },
        "itsdangerous": {
            "hashes": [
                "sha256:2c2349112351b88699d8d4b6b075022c0808887cb7ad10069318a8b0bc88db44",
                "sha256:5dbbc68b317e5e42f327f9021763545dc3fc3bfe22e6deb96aaf1fc38874156a"
            ],
            "markers": "python_version >= '3.7'",
            "version": "==2.1.2"
        },
        "jinja2": {
            "hashes": [
                "sha256:31351a702a408a9e7595a8fc6150fc3f43bb6bf7e319770cbc0db9df9437e852",
                "sha256:6088930bfe239f0e6710546ab9c19c9ef35e29792895fed6e6e31a023a182a61"
            ],
            "markers": "python_version >= '3.7'",
            "version": "==3.1.2"
        },
        "markupsafe": {
            "hashes": [
                "sha256:0212a68688482dc52b2d45013df70d169f542b7394fc744c02a57374a4207003",
                "sha256:089cf3dbf0cd6c100f02945abeb18484bd1ee57a079aefd52cffd17fba910b88",
                "sha256:10c1bfff05d95783da83491be968e8fe789263689c02724e0c691933c52994f5",
                "sha256:33b74d289bd2f5e527beadcaa3f401e0df0a89927c1559c8566c066fa4248ab7",
                "sha256:3799351e2336dc91ea70b034983ee71cf2f9533cdff7c14c90ea126bfd95d65a",
                "sha256:3ce11ee3f23f79dbd06fb3d63e2f6af7b12db1d46932fe7bd8afa259a5996603",
                "sha256:421be9fbf0ffe9ffd7a378aafebbf6f4602d564d34be190fc19a193232fd12b1",
                "sha256:43093fb83d8343aac0b1baa75516da6092f58f41200907ef92448ecab8825135",
                "sha256:46d00d6cfecdde84d40e572d63735ef81423ad31184100411e6e3388d405e247",
                "sha256:4a33dea2b688b3190ee12bd7cfa29d39c9ed176bda40bfa11099a3ce5d3a7ac6",
                "sha256:4b9fe39a2ccc108a4accc2676e77da025ce383c108593d65cc909add5c3bd601",
                "sha256:56442863ed2b06d19c37f94d999035e15ee982988920e12a5b4ba29b62ad1f77",
                "sha256:671cd1187ed5e62818414afe79ed29da836dde67166a9fac6d435873c44fdd02",
                "sha256:694deca8d702d5db21ec83983ce0bb4b26a578e71fbdbd4fdcd387daa90e4d5e",
                "sha256:6a074d34ee7a5ce3effbc526b7083ec9731bb3cbf921bbe1d3005d4d2bdb3a63",
                "sha256:6d0072fea50feec76a4c418096652f2c3238eaa014b2f94aeb1d56a66b41403f",
                "sha256:6fbf47b5d3728c6aea2abb0589b5d30459e369baa772e0f37a0320185e87c980",
                "sha256:7f91197cc9e48f989d12e4e6fbc46495c446636dfc81b9ccf50bb0ec74b91d4b",
                "sha256:86b1f75c4e7c2ac2ccdaec2b9022845dbb81880ca318bb7a0a01fbf7813e3812",
                "sha256:8dc1c72a69aa7e082593c4a203dcf94ddb74bb5c8a731e4e1eb68d031e8498ff",
                "sha256:8e3dcf21f367459434c18e71b2a9532d96547aef8a871872a5bd69a715c15f96",
                "sha256:8e576a51ad59e4bfaac456023a78f6b5e6e7651dcd383bcc3e18d06f9b55d6d1",
                "sha256:96e37a3dc86e80bf81758c152fe66dbf60ed5eca3d26305edf01892257049925",
                "sha256:97a68e6ada378df82bc9f16b800ab77cbf4b2fada0081794318520138c088e4a",
                "sha256:99a2a507ed3ac881b975a2976d59f38c19386d128e7a9a18b7df6fff1fd4c1d6",
                "sha256:a49907dd8420c5685cfa064a1335b6754b74541bbb3706c259c02ed65b644b3e",
                "sha256:b09bf97215625a311f669476f44b8b318b075847b49316d3e28c08e41a7a573f",
                "sha256:b7bd98b796e2b6553da7225aeb61f447f80a1ca64f41d83612e6139ca5213aa4",
                "sha256:b87db4360013327109564f0e591bd2a3b318547bcef31b468a92ee504d07ae4f",
                "sha256:bcb3ed405ed3222f9904899563d6fc492ff75cce56cba05e32eff40e6acbeaa3",
                "sha256:d4306c36ca495956b6d568d276ac11fdd9c30a36f1b6eb928070dc5360b22e1c",
                "sha256:d5ee4f386140395a2c818d149221149c54849dfcfcb9f1debfe07a8b8bd63f9a",
                "sha256:dda30ba7e87fbbb7eab1ec9f58678558fd9a6b8b853530e176eabd064da81417",
                "sha256:e04e26803c9c3851c931eac40c695602c6295b8d432cbe78609649ad9bd2da8a",
                "sha256:e1c0b87e09fa55a220f058d1d49d3fb8df88fbfab58558f1198e08c1e1de842a",
                "sha256:e72591e9ecd94d7feb70c1cbd7be7b3ebea3f548870aa91e2732960fa4d57a37",
                "sha256:e8c843bbcda3a2f1e3c2ab25913c80a3c5376cd00c6e8c4a86a89a28c8dc5452",
                "sha256:efc1913fd2ca4f334418481c7e595c00aad186563bbc1ec76067848c7ca0a933",
                "sha256:f121a1420d4e173a5d96e47e9a0c0dcff965afdf1626d28de1460815f7c4ee7a",
                "sha256:fc7b548b17d238737688817ab67deebb30e8073c95749d55538ed473130ec0c7"
            ],
            "markers": "python_version >= '3.7'",
            "version": "==2.1.1"
        },
        "psycopg": {
            "extras": [
                "binary"
            ],
            "hashes": [
                "sha256:0f5e18920ed978f5063e48acc5ca4389225db7d06a03090d2bbb7a0ec7a640b2",
                "sha256:44ca63373c33957ca852fefa1940f8cc5d4c11493b7f6710b0ab250ff5abc50c"
            ],
            "index": "pypi",
            "version": "==3.0.16"
        },
        "psycopg-binary": {
            "hashes": [
                "sha256:036bb756f834c8dd627c8dbf223b158be0f61b40b2c1d36c215339ed0ce03dc6",
                "sha256:0447a4090acbf8e0487cc90d19f9f4cdcec99efea07ba41187ccb74ab54edd61",
                "sha256:10eccf3e1a8960449c38f992998ebe40cca3c273c82184d6f88823a2c5dd8dc9",
                "sha256:197b476144a30d205477d4f21aa228067a6cf882238e29349c11558c43302f94",
                "sha256:1e2d2d814e7360d13a980ac824298144a8a438eb64c297a6de6d9c49785aa44c",
                "sha256:2006d43ff11550b32600c1277c0572b25902c25b1d4a7d18af36f6ebab404fdb",
                "sha256:27bef74a99ecf759a6b4b1bb5cd05d64e165c93f9812c96ae301cd843e671464",
                "sha256:2dbd38f19062006b52e01c7f804ecd3d7980cbb6ddc7fb05386a6e8e63a70de2",
                "sha256:31b1ade152eba6524adb9ef87fa4379644445bda13f8b6b8bb58d35134a51d1d",
                "sha256:368e864257ec989abca4773cdbb4df51363ce6a48690880cabe5c586c6af01de",
                "sha256:39c8bdd2566d4dda46e74b94d218881d2192c1b7b3a1a8731cc6ba953ceb28be",
                "sha256:454fd9af3450b4602e9a03b77d29db348779348b2c4df0fd3a7cd7e57cbe1795",
                "sha256:4feaa7a275643fc505d99eb546b7dd9428816978f203f10cc7af73d15bc13a26",
                "sha256:564ab06ac2c06b373992e1d34cfbd67003808b0bc1a0e1b36abd5b192a7378ba",
                "sha256:5772b09058f22ae54a6df1b1c6ce5ab2fc2cc5329f54cc97d6e2388d572f0bb6",
                "sha256:58f7ed4eb6ae62dafbb4031c2b0ab2f1ba77c91690171dd5fbc9f61c114d713a",
                "sha256:607758f36dccdb9a839bfdb2a87d6d9f93b386fc2a574f87257fc4410cd26747",
                "sha256:62ee5a239d9e18393234e68780681397b9abf91784eefe32d11fbe968461a30b",
                "sha256:6cd52fa3a95ba0accc250a5283cdd4ecd118bf392b4331a59426dfb407963bc8",
                "sha256:6faee3c6edaa126c7160970171781edc0879e96ff7b23aed76419048041e4f37",
                "sha256:74910dd823d894370149251dd7d9e85f0e658f8a77177361a227e71325e11047",
                "sha256:7fde64e986c80183968c6a0e9c9999f6f8f22549d614f0604d2a1d9a6bbaa6da",
                "sha256:80b43bf19776c5ad533b38762d644f9bd770b8248ccf2f267cdc2b0660d6fd0f",
                "sha256:8ec3f2b72d86d181bf37fc63815bb60a58ddabeee3dfe86541ddd530020bcc82",
                "sha256:962f8260daf2cd5f9b347e430bae024d87663260390938b0003f7dab4e5f278b",
                "sha256:9a8c6b2203453826322c983fb56c9507cf027907f243cba52644c7d0c085d0ca",
                "sha256:abfa7a4e8c1aca5f5f672d8c240121792f7fbd1171e6960c3f7571a342c84a68",
                "sha256:ae8a9d57d3905b3ce3159a654107f90e268818ea549af6d3e2457eef43bc484a",
                "sha256:b519948940caeb7d634cd3a94ff41282ff114cd09422bd0492ac0d1492fe9ea7",
                "sha256:bf61ff5dd252eba8a03d06d1e7e58fdc5a0dab2bcb5a084dd2272929892a8123",
                "sha256:c572ffeb1859f77d2f38582ff46bb67e823fe40457b7fba91385235576ce3026",
                "sha256:c99a1962751ab6a3562dd98c174702416b5e0ab4d5ead4aefca953bff9cbdfb1",
                "sha256:cbf39f9b850539085ebcb7666985e21b7d1f6d573ca48a0d54420d1e1275857b",
                "sha256:cf51daef3ff610909486568298b8f3aacf066864633569277b9ce0346f3b12c0",
                "sha256:d01082476664b9a2cb2ad4a4cd2d39dacbb3b5fb99a490966b0e5217c039d950",
                "sha256:d012b9ec7329d5c1ea201531ba99b6ffa911bcc3d5f0eda37c0517b7b45a63dc",
                "sha256:d22980ad26f940de311708ad7194af448e2455ba4ad9e35e5888931a53a1d773",
                "sha256:d28add63216a41251888d1fc98ad5b41a5bf12464868346db69fce55ab17c3df",
                "sha256:d4c9b161a8562d3853e589e8ade712ba3d4fab26305cb87ba6569fd94ed2c299",
                "sha256:d5a470d2efa78fead057da327591ec448f957515e161afd1e9ba36beb009da33",
                "sha256:d90f02478b293c4df67061a813fc217ce520d95637d68e34dc870178bada80dc",
                "sha256:dcb8a7772538d92cd2b5dbb7f719a5f4b7d3430c53b748aa2197f82b38e1b9e8",
                "sha256:df31a72be411f789aa3e563b2a2da40a4a08186ce804f65f8dc550e39c6fabfa",
                "sha256:dfdeb1ef726c338489a92ef4fa2de2f554d7a2e7f87d006fc20b5077e2919947",
                "sha256:e23596020ad833e1a9ecb8879eb23ed7b3675cb0e9f4ff60d7a54ca204740047",
                "sha256:e5680f44c7fb6a8c87c0ad8607e80e3f602c628fdcaa4e8a40e95bcd8ca56724",
                "sha256:e95ce9fcd5275fcbd56f96fdc48861a55db1db70faa101507ebc60a9da07eaeb",
                "sha256:f696276be56fcd9bb3deb38593d1049a14e88af66be77862475a861eaf4a7746",
                "sha256:fd415f3a596253f0d29156fb0eed5d82689bb165abe8d2b6e7c351d97a7c2c90",
                "sha256:fe674b42f8ce507fb957da5f23a85823dd60fc1a8b65d1443ec140af8772aa17"
            ],
            "version": "==3.0.16"
        },
        "werkzeug": {
            "hashes": [
                "sha256:4d7013ef96fd197d1cdeb03e066c6c5a491ccb44758a5b2b91137319383e5a5a",
                "sha256:7e1db6a5ba6b9a8be061e47e900456355b8714c0f238b0313f53afce1a55a79a"
            ],
            "markers": "python_version >= '3.7'",
            "version": "==2.2.1"
        }
    },
    "develop": {}
}
