# This file is automatically @generated by Poetry 1.6.1 and should not be changed by hand.

[[package]]
name = "blinker"
version = "1.6.2"
description = "Fast, simple object-to-object and broadcast signaling"
optional = false
python-versions = ">=3.7"
files = [
    {file = "blinker-1.6.2-py3-none-any.whl", hash = "sha256:c3d739772abb7bc2860abf5f2ec284223d9ad5c76da018234f6f50d6f31ab1f0"},
    {file = "blinker-1.6.2.tar.gz", hash = "sha256:4afd3de66ef3a9f8067559fb7a1cbe555c17dcbe15971b05d1b625c3e7abe213"},
]

[[package]]
name = "click"
version = "8.1.7"
description = "Composable command line interface toolkit"
optional = false
python-versions = ">=3.7"
files = [
    {file = "click-8.1.7-py3-none-any.whl", hash = "sha256:ae74fb96c20a0277a1d615f1e4d73c8414f5a98db8b799a7931d1582f3390c28"},
    {file = "click-8.1.7.tar.gz", hash = "sha256:ca9853ad459e787e2192211578cc907e7594e294c7ccc834310722b41b9ca6de"},
]

[package.dependencies]
colorama = {version = "*", markers = "platform_system == \"Windows\""}

[[package]]
name = "colorama"
version = "0.4.6"
description = "Cross-platform colored terminal text."
optional = false
python-versions = "!=3.0.*,!=3.1.*,!=3.2.*,!=3.3.*,!=3.4.*,!=3.5.*,!=3.6.*,>=2.7"
files = [
    {file = "colorama-0.4.6-py2.py3-none-any.whl", hash = "sha256:4f1d9991f5acc0ca119f9d443620b77f9d6b33703e51011c16baf57afb285fc6"},
    {file = "colorama-0.4.6.tar.gz", hash = "sha256:08695f5cb7ed6e0531a20572697297273c47b8cae5a63ffc6d6ed5c201be6e44"},
]

[[package]]
name = "flask"
version = "2.3.3"
description = "A simple framework for building complex web applications."
optional = false
python-versions = ">=3.8"
files = [
    {file = "flask-2.3.3-py3-none-any.whl", hash = "sha256:f69fcd559dc907ed196ab9df0e48471709175e696d6e698dd4dbe940f96ce66b"},
    {file = "flask-2.3.3.tar.gz", hash = "sha256:09c347a92aa7ff4a8e7f3206795f30d826654baf38b873d0744cd571ca609efc"},
]

[package.dependencies]
blinker = ">=1.6.2"
click = ">=8.1.3"
itsdangerous = ">=2.1.2"
Jinja2 = ">=3.1.2"
Werkzeug = ">=2.3.7"

[package.extras]
async = ["asgiref (>=3.2)"]
dotenv = ["python-dotenv"]

[[package]]
name = "itsdangerous"
version = "2.1.2"
description = "Safely pass data to untrusted environments and back."
optional = false
python-versions = ">=3.7"
files = [
    {file = "itsdangerous-2.1.2-py3-none-any.whl", hash = "sha256:2c2349112351b88699d8d4b6b075022c0808887cb7ad10069318a8b0bc88db44"},
    {file = "itsdangerous-2.1.2.tar.gz", hash = "sha256:5dbbc68b317e5e42f327f9021763545dc3fc3bfe22e6deb96aaf1fc38874156a"},
]

[[package]]
name = "jinja2"
version = "3.1.2"
description = "A very fast and expressive template engine."
optional = false
python-versions = ">=3.7"
files = [
    {file = "Jinja2-3.1.2-py3-none-any.whl", hash = "sha256:6088930bfe239f0e6710546ab9c19c9ef35e29792895fed6e6e31a023a182a61"},
    {file = "Jinja2-3.1.2.tar.gz", hash = "sha256:31351a702a408a9e7595a8fc6150fc3f43bb6bf7e319770cbc0db9df9437e852"},
]

[package.dependencies]
MarkupSafe = ">=2.0"

[package.extras]
i18n = ["Babel (>=2.7)"]

[[package]]
name = "markupsafe"
version = "2.1.3"
description = "Safely add untrusted strings to HTML/XML markup."
optional = false
python-versions = ">=3.7"
files = [
    {file = "MarkupSafe-2.1.3-cp310-cp310-macosx_10_9_universal2.whl", hash = "sha256:cd0f502fe016460680cd20aaa5a76d241d6f35a1c3350c474bac1273803893fa"},
    {file = "MarkupSafe-2.1.3-cp310-cp310-macosx_10_9_x86_64.whl", hash = "sha256:e09031c87a1e51556fdcb46e5bd4f59dfb743061cf93c4d6831bf894f125eb57"},
    {file = "MarkupSafe-2.1.3-cp310-cp310-manylinux_2_17_aarch64.manylinux2014_aarch64.whl", hash = "sha256:68e78619a61ecf91e76aa3e6e8e33fc4894a2bebe93410754bd28fce0a8a4f9f"},
    {file = "MarkupSafe-2.1.3-cp310-cp310-manylinux_2_17_x86_64.manylinux2014_x86_64.whl", hash = "sha256:65c1a9bcdadc6c28eecee2c119465aebff8f7a584dd719facdd9e825ec61ab52"},
    {file = "MarkupSafe-2.1.3-cp310-cp310-manylinux_2_5_i686.manylinux1_i686.manylinux_2_17_i686.manylinux2014_i686.whl", hash = "sha256:525808b8019e36eb524b8c68acdd63a37e75714eac50e988180b169d64480a00"},
    {file = "MarkupSafe-2.1.3-cp310-cp310-musllinux_1_1_aarch64.whl", hash = "sha256:962f82a3086483f5e5f64dbad880d31038b698494799b097bc59c2edf392fce6"},
    {file = "MarkupSafe-2.1.3-cp310-cp310-musllinux_1_1_i686.whl", hash = "sha256:aa7bd130efab1c280bed0f45501b7c8795f9fdbeb02e965371bbef3523627779"},
    {file = "MarkupSafe-2.1.3-cp310-cp310-musllinux_1_1_x86_64.whl", hash = "sha256:c9c804664ebe8f83a211cace637506669e7890fec1b4195b505c214e50dd4eb7"},
    {file = "MarkupSafe-2.1.3-cp310-cp310-win32.whl", hash = "sha256:10bbfe99883db80bdbaff2dcf681dfc6533a614f700da1287707e8a5d78a8431"},
    {file = "MarkupSafe-2.1.3-cp310-cp310-win_amd64.whl", hash = "sha256:1577735524cdad32f9f694208aa75e422adba74f1baee7551620e43a3141f559"},
    {file = "MarkupSafe-2.1.3-cp311-cp311-macosx_10_9_universal2.whl", hash = "sha256:ad9e82fb8f09ade1c3e1b996a6337afac2b8b9e365f926f5a61aacc71adc5b3c"},
    {file = "MarkupSafe-2.1.3-cp311-cp311-macosx_10_9_x86_64.whl", hash = "sha256:3c0fae6c3be832a0a0473ac912810b2877c8cb9d76ca48de1ed31e1c68386575"},
    {file = "MarkupSafe-2.1.3-cp311-cp311-manylinux_2_17_aarch64.manylinux2014_aarch64.whl", hash = "sha256:b076b6226fb84157e3f7c971a47ff3a679d837cf338547532ab866c57930dbee"},
    {file = "MarkupSafe-2.1.3-cp311-cp311-manylinux_2_17_x86_64.manylinux2014_x86_64.whl", hash = "sha256:bfce63a9e7834b12b87c64d6b155fdd9b3b96191b6bd334bf37db7ff1fe457f2"},
    {file = "MarkupSafe-2.1.3-cp311-cp311-manylinux_2_5_i686.manylinux1_i686.manylinux_2_17_i686.manylinux2014_i686.whl", hash = "sha256:338ae27d6b8745585f87218a3f23f1512dbf52c26c28e322dbe54bcede54ccb9"},
    {file = "MarkupSafe-2.1.3-cp311-cp311-musllinux_1_1_aarch64.whl", hash = "sha256:e4dd52d80b8c83fdce44e12478ad2e85c64ea965e75d66dbeafb0a3e77308fcc"},
    {file = "MarkupSafe-2.1.3-cp311-cp311-musllinux_1_1_i686.whl", hash = "sha256:df0be2b576a7abbf737b1575f048c23fb1d769f267ec4358296f31c2479db8f9"},
    {file = "MarkupSafe-2.1.3-cp311-cp311-musllinux_1_1_x86_64.whl", hash = "sha256:5bbe06f8eeafd38e5d0a4894ffec89378b6c6a625ff57e3028921f8ff59318ac"},
    {file = "MarkupSafe-2.1.3-cp311-cp311-win32.whl", hash = "sha256:dd15ff04ffd7e05ffcb7fe79f1b98041b8ea30ae9234aed2a9168b5797c3effb"},
    {file = "MarkupSafe-2.1.3-cp311-cp311-win_amd64.whl", hash = "sha256:134da1eca9ec0ae528110ccc9e48041e0828d79f24121a1a146161103c76e686"},
    {file = "MarkupSafe-2.1.3-cp37-cp37m-macosx_10_9_x86_64.whl", hash = "sha256:8e254ae696c88d98da6555f5ace2279cf7cd5b3f52be2b5cf97feafe883b58d2"},
    {file = "MarkupSafe-2.1.3-cp37-cp37m-manylinux_2_17_aarch64.manylinux2014_aarch64.whl", hash = "sha256:cb0932dc158471523c9637e807d9bfb93e06a95cbf010f1a38b98623b929ef2b"},
    {file = "MarkupSafe-2.1.3-cp37-cp37m-manylinux_2_17_x86_64.manylinux2014_x86_64.whl", hash = "sha256:9402b03f1a1b4dc4c19845e5c749e3ab82d5078d16a2a4c2cd2df62d57bb0707"},
    {file = "MarkupSafe-2.1.3-cp37-cp37m-manylinux_2_5_i686.manylinux1_i686.manylinux_2_17_i686.manylinux2014_i686.whl", hash = "sha256:ca379055a47383d02a5400cb0d110cef0a776fc644cda797db0c5696cfd7e18e"},
    {file = "MarkupSafe-2.1.3-cp37-cp37m-musllinux_1_1_aarch64.whl", hash = "sha256:b7ff0f54cb4ff66dd38bebd335a38e2c22c41a8ee45aa608efc890ac3e3931bc"},
    {file = "MarkupSafe-2.1.3-cp37-cp37m-musllinux_1_1_i686.whl", hash = "sha256:c011a4149cfbcf9f03994ec2edffcb8b1dc2d2aede7ca243746df97a5d41ce48"},
    {file = "MarkupSafe-2.1.3-cp37-cp37m-musllinux_1_1_x86_64.whl", hash = "sha256:56d9f2ecac662ca1611d183feb03a3fa4406469dafe241673d521dd5ae92a155"},
    {file = "MarkupSafe-2.1.3-cp37-cp37m-win32.whl", hash = "sha256:8758846a7e80910096950b67071243da3e5a20ed2546e6392603c096778d48e0"},
    {file = "MarkupSafe-2.1.3-cp37-cp37m-win_amd64.whl", hash = "sha256:787003c0ddb00500e49a10f2844fac87aa6ce977b90b0feaaf9de23c22508b24"},
    {file = "MarkupSafe-2.1.3-cp38-cp38-macosx_10_9_universal2.whl", hash = "sha256:2ef12179d3a291be237280175b542c07a36e7f60718296278d8593d21ca937d4"},
    {file = "MarkupSafe-2.1.3-cp38-cp38-macosx_10_9_x86_64.whl", hash = "sha256:2c1b19b3aaacc6e57b7e25710ff571c24d6c3613a45e905b1fde04d691b98ee0"},
    {file = "MarkupSafe-2.1.3-cp38-cp38-manylinux_2_17_aarch64.manylinux2014_aarch64.whl", hash = "sha256:8afafd99945ead6e075b973fefa56379c5b5c53fd8937dad92c662da5d8fd5ee"},
    {file = "MarkupSafe-2.1.3-cp38-cp38-manylinux_2_17_x86_64.manylinux2014_x86_64.whl", hash = "sha256:8c41976a29d078bb235fea9b2ecd3da465df42a562910f9022f1a03107bd02be"},
    {file = "MarkupSafe-2.1.3-cp38-cp38-manylinux_2_5_i686.manylinux1_i686.manylinux_2_17_i686.manylinux2014_i686.whl", hash = "sha256:d080e0a5eb2529460b30190fcfcc4199bd7f827663f858a226a81bc27beaa97e"},
    {file = "MarkupSafe-2.1.3-cp38-cp38-musllinux_1_1_aarch64.whl", hash = "sha256:69c0f17e9f5a7afdf2cc9fb2d1ce6aabdb3bafb7f38017c0b77862bcec2bbad8"},
    {file = "MarkupSafe-2.1.3-cp38-cp38-musllinux_1_1_i686.whl", hash = "sha256:504b320cd4b7eff6f968eddf81127112db685e81f7e36e75f9f84f0df46041c3"},
    {file = "MarkupSafe-2.1.3-cp38-cp38-musllinux_1_1_x86_64.whl", hash = "sha256:42de32b22b6b804f42c5d98be4f7e5e977ecdd9ee9b660fda1a3edf03b11792d"},
    {file = "MarkupSafe-2.1.3-cp38-cp38-win32.whl", hash = "sha256:ceb01949af7121f9fc39f7d27f91be8546f3fb112c608bc4029aef0bab86a2a5"},
    {file = "MarkupSafe-2.1.3-cp38-cp38-win_amd64.whl", hash = "sha256:1b40069d487e7edb2676d3fbdb2b0829ffa2cd63a2ec26c4938b2d34391b4ecc"},
    {file = "MarkupSafe-2.1.3-cp39-cp39-macosx_10_9_universal2.whl", hash = "sha256:8023faf4e01efadfa183e863fefde0046de576c6f14659e8782065bcece22198"},
    {file = "MarkupSafe-2.1.3-cp39-cp39-macosx_10_9_x86_64.whl", hash = "sha256:6b2b56950d93e41f33b4223ead100ea0fe11f8e6ee5f641eb753ce4b77a7042b"},
    {file = "MarkupSafe-2.1.3-cp39-cp39-manylinux_2_17_aarch64.manylinux2014_aarch64.whl", hash = "sha256:9dcdfd0eaf283af041973bff14a2e143b8bd64e069f4c383416ecd79a81aab58"},
    {file = "MarkupSafe-2.1.3-cp39-cp39-manylinux_2_17_x86_64.manylinux2014_x86_64.whl", hash = "sha256:05fb21170423db021895e1ea1e1f3ab3adb85d1c2333cbc2310f2a26bc77272e"},
    {file = "MarkupSafe-2.1.3-cp39-cp39-manylinux_2_5_i686.manylinux1_i686.manylinux_2_17_i686.manylinux2014_i686.whl", hash = "sha256:282c2cb35b5b673bbcadb33a585408104df04f14b2d9b01d4c345a3b92861c2c"},
    {file = "MarkupSafe-2.1.3-cp39-cp39-musllinux_1_1_aarch64.whl", hash = "sha256:ab4a0df41e7c16a1392727727e7998a467472d0ad65f3ad5e6e765015df08636"},
    {file = "MarkupSafe-2.1.3-cp39-cp39-musllinux_1_1_i686.whl", hash = "sha256:7ef3cb2ebbf91e330e3bb937efada0edd9003683db6b57bb108c4001f37a02ea"},
    {file = "MarkupSafe-2.1.3-cp39-cp39-musllinux_1_1_x86_64.whl", hash = "sha256:0a4e4a1aff6c7ac4cd55792abf96c915634c2b97e3cc1c7129578aa68ebd754e"},
    {file = "MarkupSafe-2.1.3-cp39-cp39-win32.whl", hash = "sha256:fec21693218efe39aa7f8599346e90c705afa52c5b31ae019b2e57e8f6542bb2"},
    {file = "MarkupSafe-2.1.3-cp39-cp39-win_amd64.whl", hash = "sha256:3fd4abcb888d15a94f32b75d8fd18ee162ca0c064f35b11134be77050296d6ba"},
    {file = "MarkupSafe-2.1.3.tar.gz", hash = "sha256:af598ed32d6ae86f1b747b82783958b1a4ab8f617b06fe68795c7f026abbdcad"},
]

[[package]]
name = "psycopg"
version = "3.1.12"
description = "PostgreSQL database adapter for Python"
optional = false
python-versions = ">=3.7"
files = [
    {file = "psycopg-3.1.12-py3-none-any.whl", hash = "sha256:8ec5230d6a7eb654b4fb3cf2d3eda8871d68f24807b934790504467f1deee9f8"},
    {file = "psycopg-3.1.12.tar.gz", hash = "sha256:cec7ad2bc6a8510e56c45746c631cf9394148bdc8a9a11fd8cf8554ce129ae78"},
]

[package.dependencies]
psycopg-binary = {version = "3.1.12", optional = true, markers = "extra == \"binary\""}
typing-extensions = ">=4.1"
tzdata = {version = "*", markers = "sys_platform == \"win32\""}

[package.extras]
binary = ["psycopg-binary (==3.1.12)"]
c = ["psycopg-c (==3.1.12)"]
dev = ["black (>=23.1.0)", "dnspython (>=2.1)", "flake8 (>=4.0)", "mypy (>=1.4.1)", "types-setuptools (>=57.4)", "wheel (>=0.37)"]
docs = ["Sphinx (>=5.0)", "furo (==2022.6.21)", "sphinx-autobuild (>=2021.3.14)", "sphinx-autodoc-typehints (>=1.12)"]
pool = ["psycopg-pool"]
test = ["anyio (>=3.6.2,<4.0)", "mypy (>=1.4.1)", "pproxy (>=2.7)", "pytest (>=6.2.5)", "pytest-cov (>=3.0)", "pytest-randomly (>=3.5)"]

[[package]]
name = "psycopg-binary"
version = "3.1.12"
description = "PostgreSQL database adapter for Python -- C optimisation distribution"
optional = false
python-versions = ">=3.7"
files = [
    {file = "psycopg_binary-3.1.12-cp310-cp310-macosx_10_9_x86_64.whl", hash = "sha256:29a69f62aae8617361376d9ed1e34966ae9c3a74c4ab3aa430a7ce0c11530862"},
    {file = "psycopg_binary-3.1.12-cp310-cp310-macosx_11_0_arm64.whl", hash = "sha256:7308316fdb6796399041b80db0ab9f356504ed26427e46834ade82ba94b067ce"},
    {file = "psycopg_binary-3.1.12-cp310-cp310-manylinux_2_17_aarch64.manylinux2014_aarch64.whl", hash = "sha256:130752b9b2f8d071f179e257b9698cedfe4546be81ad5ecd8ed52cf9d725580d"},
    {file = "psycopg_binary-3.1.12-cp310-cp310-manylinux_2_17_i686.manylinux2014_i686.whl", hash = "sha256:45bcecc96a6e6fe11e06b75f7ba8005d6f717f16fae7ab1cf5a0aec5191f87c3"},
    {file = "psycopg_binary-3.1.12-cp310-cp310-manylinux_2_17_ppc64le.manylinux2014_ppc64le.whl", hash = "sha256:bc3f0fcc4fcccffda2450c725bee9fad73bc6c110cfbe3b8a777063845d9c6b9"},
    {file = "psycopg_binary-3.1.12-cp310-cp310-manylinux_2_17_x86_64.manylinux2014_x86_64.whl", hash = "sha256:f93749f0fe69cfbfec22af690bb4b241f1a4347c57be26fe2e5b70588f7d602f"},
    {file = "psycopg_binary-3.1.12-cp310-cp310-musllinux_1_1_aarch64.whl", hash = "sha256:36147f708cc6a9d74c2b8d880f8dd3a6d53364b5c487536adaa022d435c90733"},
    {file = "psycopg_binary-3.1.12-cp310-cp310-musllinux_1_1_i686.whl", hash = "sha256:2bbcc6fbabc2b92d18d955d9fa104fd9d8bd2dcb97a279c4e788c6b714ffd1af"},
    {file = "psycopg_binary-3.1.12-cp310-cp310-musllinux_1_1_ppc64le.whl", hash = "sha256:0dee8a1ecc501d9c3db06d08184712459bbb5806a09121c3a25e8cbe91e234d7"},
    {file = "psycopg_binary-3.1.12-cp310-cp310-musllinux_1_1_x86_64.whl", hash = "sha256:49d6acf228edb5bd9000735b89b780b18face776d081b905cf68e149d57dfcc1"},
    {file = "psycopg_binary-3.1.12-cp310-cp310-win_amd64.whl", hash = "sha256:ee65335781a54f29f4abc28060a6188c41bdd42fdc3cbc1dd84695ed8ef18321"},
    {file = "psycopg_binary-3.1.12-cp311-cp311-macosx_10_9_x86_64.whl", hash = "sha256:d401722aa38bda64d1ba8293f6dad99f6f684711e2c016a93f138f2bbcff2a4b"},
    {file = "psycopg_binary-3.1.12-cp311-cp311-macosx_11_0_arm64.whl", hash = "sha256:46eac158e8e794d9414a8fe7706beeee9b1ecc4accbea914314825ace8137105"},
    {file = "psycopg_binary-3.1.12-cp311-cp311-manylinux_2_17_aarch64.manylinux2014_aarch64.whl", hash = "sha256:3f017400679aa38f6cb22b888b8ec198a5b100ec2132e6b3bcfa797b14b5b438"},
    {file = "psycopg_binary-3.1.12-cp311-cp311-manylinux_2_17_i686.manylinux2014_i686.whl", hash = "sha256:d176c4614f5208ab9938d5426d61627c8fbc7f8dab53fef42c8bf2ab8605aa51"},
    {file = "psycopg_binary-3.1.12-cp311-cp311-manylinux_2_17_ppc64le.manylinux2014_ppc64le.whl", hash = "sha256:c48c4f3fcfd9e75e3fdb18eea320de591e06059a859280ec26ce8d753299353d"},
    {file = "psycopg_binary-3.1.12-cp311-cp311-manylinux_2_17_x86_64.manylinux2014_x86_64.whl", hash = "sha256:98fce28d8136bdd883f20d26467bf259b5fb559eb64d8f83695690714cdfdad3"},
    {file = "psycopg_binary-3.1.12-cp311-cp311-musllinux_1_1_aarch64.whl", hash = "sha256:e4a0f44bc29fc1b56ee1c865796cbe354078ee1e985f898e4915db185055bf7d"},
    {file = "psycopg_binary-3.1.12-cp311-cp311-musllinux_1_1_i686.whl", hash = "sha256:6def4f238ca02d6b42336b405d02729c081c978cda9b6ba7549a9c63a91ba823"},
    {file = "psycopg_binary-3.1.12-cp311-cp311-musllinux_1_1_ppc64le.whl", hash = "sha256:000838cb5ab7851116b462e58893a96b0f1e35864135a6283f3242a730ec45d3"},
    {file = "psycopg_binary-3.1.12-cp311-cp311-musllinux_1_1_x86_64.whl", hash = "sha256:e7949e1aefe339f04dbecac6aa036c9cd137a58f966c4b96ab933823c340ee12"},
    {file = "psycopg_binary-3.1.12-cp311-cp311-win_amd64.whl", hash = "sha256:b32922872460575083487de41e17e8cf308c3550da02c704efe42960bc6c19de"},
    {file = "psycopg_binary-3.1.12-cp37-cp37m-macosx_10_9_x86_64.whl", hash = "sha256:b81427fd5a97c9b4ac12f3b8d985870b0c3866b5fc2e72e51cacd3630ffd6466"},
    {file = "psycopg_binary-3.1.12-cp37-cp37m-manylinux_2_17_aarch64.manylinux2014_aarch64.whl", hash = "sha256:3f17a2c393879aa54f840540009d0e70a30d22ffa0038d81e258ac2c99b15d74"},
    {file = "psycopg_binary-3.1.12-cp37-cp37m-manylinux_2_17_i686.manylinux2014_i686.whl", hash = "sha256:6c6a5d125a61101ef5ab7384206e43952fe2a5fca997b96d28a28a752512f900"},
    {file = "psycopg_binary-3.1.12-cp37-cp37m-manylinux_2_17_ppc64le.manylinux2014_ppc64le.whl", hash = "sha256:942a18df448a33d77aa7dff7e93062ace7926608a965db003622cb5f27910ba2"},
    {file = "psycopg_binary-3.1.12-cp37-cp37m-manylinux_2_17_x86_64.manylinux2014_x86_64.whl", hash = "sha256:3195baff3e3e5d71828400d38af0ffc5a15d7dca2bfaadc9eb615235774b9290"},
    {file = "psycopg_binary-3.1.12-cp37-cp37m-musllinux_1_1_aarch64.whl", hash = "sha256:f26bb34e0e9bb83fba00c4835f91f5c5348cdf689df8c8b503571c0d0027c8f5"},
    {file = "psycopg_binary-3.1.12-cp37-cp37m-musllinux_1_1_i686.whl", hash = "sha256:104bdc85c5c4884b3f900155b635588a28740f561b32a3e27c38bcd249feba41"},
    {file = "psycopg_binary-3.1.12-cp37-cp37m-musllinux_1_1_ppc64le.whl", hash = "sha256:53464cb71e06faac479f44b8870f115004187e1dfb299b9725d1d7f85d9e5479"},
    {file = "psycopg_binary-3.1.12-cp37-cp37m-musllinux_1_1_x86_64.whl", hash = "sha256:052835aac03ee6a9d5b6fe35c468da79084ebe38709e6d3c24ff5b9422fb2947"},
    {file = "psycopg_binary-3.1.12-cp37-cp37m-win_amd64.whl", hash = "sha256:a21a7fffec1a225b26d72adb960d771fc5a9aba8e1f7dd710abcaa9a980e9740"},
    {file = "psycopg_binary-3.1.12-cp38-cp38-macosx_10_9_x86_64.whl", hash = "sha256:6925a543e88cdfd1a2f679c7a33c08f107de60728a4a3c52f88d4491d40a7f51"},
    {file = "psycopg_binary-3.1.12-cp38-cp38-macosx_11_0_arm64.whl", hash = "sha256:b04957bd5caff94eac38306357b6d448dd20a6f68fd998e115e3731a55118d83"},
    {file = "psycopg_binary-3.1.12-cp38-cp38-manylinux_2_17_aarch64.manylinux2014_aarch64.whl", hash = "sha256:f6f55979804853efa5ce84d7ef59ff3772e0823247497f7d4a6870e6527fd791"},
    {file = "psycopg_binary-3.1.12-cp38-cp38-manylinux_2_17_i686.manylinux2014_i686.whl", hash = "sha256:7d343e1f564fdc8964e1c08b8a6c1f6ebf4b45ee5631b5241c9cbac793f4500c"},
    {file = "psycopg_binary-3.1.12-cp38-cp38-manylinux_2_17_ppc64le.manylinux2014_ppc64le.whl", hash = "sha256:48c4ba35f717783327931aa9da6e6aab81b6b90f3e6b902b18e269d73e7d0882"},
    {file = "psycopg_binary-3.1.12-cp38-cp38-manylinux_2_17_x86_64.manylinux2014_x86_64.whl", hash = "sha256:d77c95d6086e0714225764772bf8110bb29dfbc6c32aa56e725a01998ce20e7c"},
    {file = "psycopg_binary-3.1.12-cp38-cp38-musllinux_1_1_aarch64.whl", hash = "sha256:6dea80e65c7a97150d555b64744e7279ff4c6b259d27580b756a5b282a7d44e3"},
    {file = "psycopg_binary-3.1.12-cp38-cp38-musllinux_1_1_i686.whl", hash = "sha256:03a851123d0155e1d6ca5b6cccf624e2fc71c8f7eae76f5100196e0fca047d30"},
    {file = "psycopg_binary-3.1.12-cp38-cp38-musllinux_1_1_ppc64le.whl", hash = "sha256:99ad07b9ef5853713bb63c55e179af52994e96f445c5d66b87d8b986182922ef"},
    {file = "psycopg_binary-3.1.12-cp38-cp38-musllinux_1_1_x86_64.whl", hash = "sha256:4441d0f8ecae499a6ac5c79078c9fcd406c0bf70e72cb6cba888aca51aa46943"},
    {file = "psycopg_binary-3.1.12-cp38-cp38-win_amd64.whl", hash = "sha256:cb45a709b966583773acc3418fffbf6d73b014943b6efceca6a7d3ca960956cf"},
    {file = "psycopg_binary-3.1.12-cp39-cp39-macosx_10_9_x86_64.whl", hash = "sha256:5112245daf98e22046316e72690689a8952a9b078908206a6b16cd28d84cde7c"},
    {file = "psycopg_binary-3.1.12-cp39-cp39-macosx_11_0_arm64.whl", hash = "sha256:c2eb94bf0bd653c940517cd92dc4f98c85d505f69013b247dda747413bcf0a8b"},
    {file = "psycopg_binary-3.1.12-cp39-cp39-manylinux_2_17_aarch64.manylinux2014_aarch64.whl", hash = "sha256:d41b03ce52a109858735ac19fe0295e3f77bef0388d6a3e105074ad68f4a9645"},
    {file = "psycopg_binary-3.1.12-cp39-cp39-manylinux_2_17_i686.manylinux2014_i686.whl", hash = "sha256:4fddc3c9beaf745de3da10230f0144a4c667b21c3f7a94a3bb1fb004954c9810"},
    {file = "psycopg_binary-3.1.12-cp39-cp39-manylinux_2_17_ppc64le.manylinux2014_ppc64le.whl", hash = "sha256:c5987616698c895ae079fb5e26811b72948cb3b75c2c690446379298e96c1568"},
    {file = "psycopg_binary-3.1.12-cp39-cp39-manylinux_2_17_x86_64.manylinux2014_x86_64.whl", hash = "sha256:f4ae45d58bd79795a2d23d05be5496b226b09ac2688b9ed9808e13c345e2d542"},
    {file = "psycopg_binary-3.1.12-cp39-cp39-musllinux_1_1_aarch64.whl", hash = "sha256:bb98252ac8ba41a121f88979e4232ffc1d6722c953531cbdae2b328322308581"},
    {file = "psycopg_binary-3.1.12-cp39-cp39-musllinux_1_1_i686.whl", hash = "sha256:ca09e4937c9db24a58951ee9aea7aae7bca11a954b30c59f3b271e9bdebd80d7"},
    {file = "psycopg_binary-3.1.12-cp39-cp39-musllinux_1_1_ppc64le.whl", hash = "sha256:03e321e149d051daa20892ed1bb3beabf0aae98a8c37da30ec80fa12306f9ba9"},
    {file = "psycopg_binary-3.1.12-cp39-cp39-musllinux_1_1_x86_64.whl", hash = "sha256:d819cb43cccc10ba501b9d462409fcaaeb19f77b8379b2e7ca0ced4a49446d4a"},
    {file = "psycopg_binary-3.1.12-cp39-cp39-win_amd64.whl", hash = "sha256:c9eb2ba27760bc1303f0708ba95b9e4f3f3b77a081ef4f7f53375c71da3a1bee"},
]

[[package]]
name = "typing-extensions"
version = "4.8.0"
description = "Backported and Experimental Type Hints for Python 3.8+"
optional = false
python-versions = ">=3.8"
files = [
    {file = "typing_extensions-4.8.0-py3-none-any.whl", hash = "sha256:8f92fc8806f9a6b641eaa5318da32b44d401efaac0f6678c9bc448ba3605faa0"},
    {file = "typing_extensions-4.8.0.tar.gz", hash = "sha256:df8e4339e9cb77357558cbdbceca33c303714cf861d1eef15e1070055ae8b7ef"},
]

[[package]]
name = "tzdata"
version = "2023.3"
description = "Provider of IANA time zone data"
optional = false
python-versions = ">=2"
files = [
    {file = "tzdata-2023.3-py2.py3-none-any.whl", hash = "sha256:7e65763eef3120314099b6939b5546db7adce1e7d6f2e179e3df563c70511eda"},
    {file = "tzdata-2023.3.tar.gz", hash = "sha256:11ef1e08e54acb0d4f95bdb1be05da659673de4acbd21bf9c69e94cc5e907a3a"},
]

[[package]]
name = "werkzeug"
version = "2.3.7"
description = "The comprehensive WSGI web application library."
optional = false
python-versions = ">=3.8"
files = [
    {file = "werkzeug-2.3.7-py3-none-any.whl", hash = "sha256:effc12dba7f3bd72e605ce49807bbe692bd729c3bb122a3b91747a6ae77df528"},
    {file = "werkzeug-2.3.7.tar.gz", hash = "sha256:2b8c0e447b4b9dbcc85dd97b6eeb4dcbaf6c8b6c3be0bd654e25553e0a2157d8"},
]

[package.dependencies]
MarkupSafe = ">=2.1.1"

[package.extras]
watchdog = ["watchdog (>=2.3)"]

[metadata]
lock-version = "2.0"
python-versions = "^3.11"
content-hash = "a51d8eeb1284cb40136eb41f22039d9e6817c755ac0564b322fb82b2024a28dd"
